
Microsoft Visual Studio Solution File, Format Version 12.00
# Visual Studio 15
VisualStudioVersion = 15.0.28307.852
MinimumVisualStudioVersion = 10.0.40219.1
Project("{FAE04EC0-301F-11D3-BF4B-00C04F79EFBC}") = "Shop", "Shop\Shop.csproj", "{B080348B-EEE6-4FFD-9438-7D33B88D6308}"
EndProject
Project("{FAE04EC0-301F-11D3-BF4B-00C04F79EFBC}") = "Shop.Entity", "Shop.Entity\Shop.Entity.csproj", "{525C4B3A-B191-4CCA-A783-8019EF9AA4D8}"
EndProject
Project("{FAE04EC0-301F-11D3-BF4B-00C04F79EFBC}") = "Shop.Data", "Shop.Data\Shop.Data.csproj", "{4E015ED6-478F-4B01-B6AE-317F9872FAAD}"
EndProject
Global
	GlobalSection(SolutionConfigurationPlatforms) = preSolution
		Debug|Any CPU = Debug|Any CPU
		Release|Any CPU = Release|Any CPU
	EndGlobalSection
	GlobalSection(ProjectConfigurationPlatforms) = postSolution
		{B080348B-EEE6-4FFD-9438-7D33B88D6308}.Debug|Any CPU.ActiveCfg = Debug|Any CPU
		{B080348B-EEE6-4FFD-9438-7D33B88D6308}.Debug|Any CPU.Build.0 = Debug|Any CPU
		{B080348B-EEE6-4FFD-9438-7D33B88D6308}.Release|Any CPU.ActiveCfg = Release|Any CPU
		{B080348B-EEE6-4FFD-9438-7D33B88D6308}.Release|Any CPU.Build.0 = Release|Any CPU
		{525C4B3A-B191-4CCA-A783-8019EF9AA4D8}.Debug|Any CPU.ActiveCfg = Debug|Any CPU
		{525C4B3A-B191-4CCA-A783-8019EF9AA4D8}.Debug|Any CPU.Build.0 = Debug|Any CPU
		{525C4B3A-B191-4CCA-A783-8019EF9AA4D8}.Release|Any CPU.ActiveCfg = Release|Any CPU
		{525C4B3A-B191-4CCA-A783-8019EF9AA4D8}.Release|Any CPU.Build.0 = Release|Any CPU
		{4E015ED6-478F-4B01-B6AE-317F9872FAAD}.Debug|Any CPU.ActiveCfg = Debug|Any CPU
		{4E015ED6-478F-4B01-B6AE-317F9872FAAD}.Debug|Any CPU.Build.0 = Debug|Any CPU
		{4E015ED6-478F-4B01-B6AE-317F9872FAAD}.Release|Any CPU.ActiveCfg = Release|Any CPU
		{4E015ED6-478F-4B01-B6AE-317F9872FAAD}.Release|Any CPU.Build.0 = Release|Any CPU
	EndGlobalSection
	GlobalSection(SolutionProperties) = preSolution
		HideSolutionNode = FALSE
	EndGlobalSection
	GlobalSection(ExtensibilityGlobals) = postSolution
		SolutionGuid = {7F5139DE-C504-4739-92C2-68E2AEC320B4}
	EndGlobalSection
EndGlobal
